{
    "_meta": {
        "hash": {
            "sha256": "138c57faee571ef3daf587d5bfc7ac7c648e09a14f8279e6c8c309dde8a51a39"
        },
        "pipfile-spec": 6,
        "requires": {
            "python_version": "3.7"
        },
        "sources": [
            {
                "name": "pypi",
                "url": "https://pypi.org/simple",
                "verify_ssl": true
            }
        ]
    },
    "default": {
        "adafruit-gpio": {
            "hashes": [
                "sha256:d6465b92c866c51ca8f3bc1e8f2ec36f5ccdb46d0fd54101c1109756d4a2dcd0"
            ],
            "version": "==1.0.3"
        },
        "adafruit-pca9685": {
            "hashes": [
                "sha256:24d632c912a23f44416369555f3f39f2509975b89d37955f125bc009040a1dfd",
                "sha256:24d9c8c1fd17093d3255823c5b43f7dccd0b95a042d663832af473507f188ea9"
            ],
            "index": "pypi",
            "version": "==1.0.1"
        },
        "adafruit-pureio": {
            "hashes": [
                "sha256:9f21a891131f8b1df982c1891215856947ea820b7d20d460bcd658c0b0088551",
                "sha256:e65cd929f1d8e109513ed1e457c2742bf4f15349c1a9b7f5b1e04191624d7488"
            ],
            "version": "==0.2.3"
        },
        "spidev": {
            "hashes": [
                "sha256:09d2b5122f0dd79910713a11f9a0020f71537224bf829916def4fffc0ea59456",
                "sha256:fbf63593c2c3aee0bd9635ab1135fdfffef0a88dbbf91af5248892ae72d7d0d7"
            ],
            "version": "==3.2"
        }
    },
    "develop": {}
}
